// !$*UTF8*$!
{
	archiveVersion = 1;
	classes = {
	};
	objectVersion = 56;
	objects = {

/* Begin PBXBuildFile section */
		645680102C47FEC1001E74B2 /* FrameworkDetailView.swift in Sources */ = {isa = PBXBuildFile; fileRef = 6456800F2C47FEC1001E74B2 /* FrameworkDetailView.swift */; };
		645680122C48010F001E74B2 /* AFButton.swift in Sources */ = {isa = PBXBuildFile; fileRef = 645680112C48010F001E74B2 /* AFButton.swift */; };
		646C62762C455679009A0D3B /* ios_weatherApp.swift in Sources */ = {isa = PBXBuildFile; fileRef = 646C62752C455679009A0D3B /* ios_weatherApp.swift */; };
		646C62782C455679009A0D3B /* FrameworkGridView.swift in Sources */ = {isa = PBXBuildFile; fileRef = 646C62772C455679009A0D3B /* FrameworkGridView.swift */; };
		646C627A2C45567A009A0D3B /* Assets.xcassets in Resources */ = {isa = PBXBuildFile; fileRef = 646C62792C45567A009A0D3B /* Assets.xcassets */; };
		646C627E2C45567A009A0D3B /* Preview Assets.xcassets in Resources */ = {isa = PBXBuildFile; fileRef = 646C627D2C45567A009A0D3B /* Preview Assets.xcassets */; };
		646C62882C45567A009A0D3B /* ios_weatherTests.swift in Sources */ = {isa = PBXBuildFile; fileRef = 646C62872C45567A009A0D3B /* ios_weatherTests.swift */; };
		646C62922C45567A009A0D3B /* ios_weatherUITests.swift in Sources */ = {isa = PBXBuildFile; fileRef = 646C62912C45567A009A0D3B /* ios_weatherUITests.swift */; };
		646C62942C45567A009A0D3B /* ios_weatherUITestsLaunchTests.swift in Sources */ = {isa = PBXBuildFile; fileRef = 646C62932C45567A009A0D3B /* ios_weatherUITestsLaunchTests.swift */; };
		64861EA82C47ED8500774E57 /* WeatherView.swift in Sources */ = {isa = PBXBuildFile; fileRef = 64861EA72C47ED8500774E57 /* WeatherView.swift */; };
		64861EAA2C47EF5000774E57 /* Framework.swift in Sources */ = {isa = PBXBuildFile; fileRef = 64861EA92C47EF5000774E57 /* Framework.swift */; };
/* End PBXBuildFile section */

/* Begin PBXContainerItemProxy section */
		646C62842C45567A009A0D3B /* PBXContainerItemProxy */ = {
			isa = PBXContainerItemProxy;
			containerPortal = 646C626A2C455679009A0D3B /* Project object */;
			proxyType = 1;
			remoteGlobalIDString = 646C62712C455679009A0D3B;
			remoteInfo = "ios-weather";
		};
		646C628E2C45567A009A0D3B /* PBXContainerItemProxy */ = {
			isa = PBXContainerItemProxy;
			containerPortal = 646C626A2C455679009A0D3B /* Project object */;
			proxyType = 1;
			remoteGlobalIDString = 646C62712C455679009A0D3B;
			remoteInfo = "ios-weather";
		};
/* End PBXContainerItemProxy section */

/* Begin PBXFileReference section */
		6456800F2C47FEC1001E74B2 /* FrameworkDetailView.swift */ = {isa = PBXFileReference; lastKnownFileType = sourcecode.swift; path = FrameworkDetailView.swift; sourceTree = "<group>"; };
		645680112C48010F001E74B2 /* AFButton.swift */ = {isa = PBXFileReference; lastKnownFileType = sourcecode.swift; path = AFButton.swift; sourceTree = "<group>"; };
		646C62722C455679009A0D3B /* ios-weather.app */ = {isa = PBXFileReference; explicitFileType = wrapper.application; includeInIndex = 0; path = "ios-weather.app"; sourceTree = BUILT_PRODUCTS_DIR; };
		646C62752C455679009A0D3B /* ios_weatherApp.swift */ = {isa = PBXFileReference; lastKnownFileType = sourcecode.swift; path = ios_weatherApp.swift; sourceTree = "<group>"; };
		646C62772C455679009A0D3B /* FrameworkGridView.swift */ = {isa = PBXFileReference; lastKnownFileType = sourcecode.swift; path = FrameworkGridView.swift; sourceTree = "<group>"; };
		646C62792C45567A009A0D3B /* Assets.xcassets */ = {isa = PBXFileReference; lastKnownFileType = folder.assetcatalog; path = Assets.xcassets; sourceTree = "<group>"; };
		646C627B2C45567A009A0D3B /* ios_weather.entitlements */ = {isa = PBXFileReference; lastKnownFileType = text.plist.entitlements; path = ios_weather.entitlements; sourceTree = "<group>"; };
		646C627D2C45567A009A0D3B /* Preview Assets.xcassets */ = {isa = PBXFileReference; lastKnownFileType = folder.assetcatalog; path = "Preview Assets.xcassets"; sourceTree = "<group>"; };
		646C62832C45567A009A0D3B /* ios-weatherTests.xctest */ = {isa = PBXFileReference; explicitFileType = wrapper.cfbundle; includeInIndex = 0; path = "ios-weatherTests.xctest"; sourceTree = BUILT_PRODUCTS_DIR; };
		646C62872C45567A009A0D3B /* ios_weatherTests.swift */ = {isa = PBXFileReference; lastKnownFileType = sourcecode.swift; path = ios_weatherTests.swift; sourceTree = "<group>"; };
		646C628D2C45567A009A0D3B /* ios-weatherUITests.xctest */ = {isa = PBXFileReference; explicitFileType = wrapper.cfbundle; includeInIndex = 0; path = "ios-weatherUITests.xctest"; sourceTree = BUILT_PRODUCTS_DIR; };
		646C62912C45567A009A0D3B /* ios_weatherUITests.swift */ = {isa = PBXFileReference; lastKnownFileType = sourcecode.swift; path = ios_weatherUITests.swift; sourceTree = "<group>"; };
		646C62932C45567A009A0D3B /* ios_weatherUITestsLaunchTests.swift */ = {isa = PBXFileReference; lastKnownFileType = sourcecode.swift; path = ios_weatherUITestsLaunchTests.swift; sourceTree = "<group>"; };
		64861EA72C47ED8500774E57 /* WeatherView.swift */ = {isa = PBXFileReference; lastKnownFileType = sourcecode.swift; path = WeatherView.swift; sourceTree = "<group>"; };
		64861EA92C47EF5000774E57 /* Framework.swift */ = {isa = PBXFileReference; lastKnownFileType = sourcecode.swift; path = Framework.swift; sourceTree = "<group>"; };
/* End PBXFileReference section */

/* Begin PBXFrameworksBuildPhase section */
		646C626F2C455679009A0D3B /* Frameworks */ = {
			isa = PBXFrameworksBuildPhase;
			buildActionMask = 2147483647;
			files = (
			);
			runOnlyForDeploymentPostprocessing = 0;
		};
		646C62802C45567A009A0D3B /* Frameworks */ = {
			isa = PBXFrameworksBuildPhase;
			buildActionMask = 2147483647;
			files = (
			);
			runOnlyForDeploymentPostprocessing = 0;
		};
		646C628A2C45567A009A0D3B /* Frameworks */ = {
			isa = PBXFrameworksBuildPhase;
			buildActionMask = 2147483647;
			files = (
			);
			runOnlyForDeploymentPostprocessing = 0;
		};
/* End PBXFrameworksBuildPhase section */

/* Begin PBXGroup section */
		646C62692C455679009A0D3B = {
			isa = PBXGroup;
			children = (
				646C62742C455679009A0D3B /* ios-weather */,
				646C62862C45567A009A0D3B /* ios-weatherTests */,
				646C62902C45567A009A0D3B /* ios-weatherUITests */,
				646C62732C455679009A0D3B /* Products */,
			);
			sourceTree = "<group>";
		};
		646C62732C455679009A0D3B /* Products */ = {
			isa = PBXGroup;
			children = (
				646C62722C455679009A0D3B /* ios-weather.app */,
				646C62832C45567A009A0D3B /* ios-weatherTests.xctest */,
				646C628D2C45567A009A0D3B /* ios-weatherUITests.xctest */,
			);
			name = Products;
			sourceTree = "<group>";
		};
		646C62742C455679009A0D3B /* ios-weather */ = {
			isa = PBXGroup;
			children = (
				64861EA72C47ED8500774E57 /* WeatherView.swift */,
				646C62752C455679009A0D3B /* ios_weatherApp.swift */,
				646C62772C455679009A0D3B /* FrameworkGridView.swift */,
				6456800F2C47FEC1001E74B2 /* FrameworkDetailView.swift */,
				645680112C48010F001E74B2 /* AFButton.swift */,
				64861EA92C47EF5000774E57 /* Framework.swift */,
				646C62792C45567A009A0D3B /* Assets.xcassets */,
				646C627B2C45567A009A0D3B /* ios_weather.entitlements */,
				646C627C2C45567A009A0D3B /* Preview Content */,
			);
			path = "ios-weather";
			sourceTree = "<group>";
		};
		646C627C2C45567A009A0D3B /* Preview Content */ = {
			isa = PBXGroup;
			children = (
				646C627D2C45567A009A0D3B /* Preview Assets.xcassets */,
			);
			path = "Preview Content";
			sourceTree = "<group>";
		};
		646C62862C45567A009A0D3B /* ios-weatherTests */ = {
			isa = PBXGroup;
			children = (
				646C62872C45567A009A0D3B /* ios_weatherTests.swift */,
			);
			path = "ios-weatherTests";
			sourceTree = "<group>";
		};
		646C62902C45567A009A0D3B /* ios-weatherUITests */ = {
			isa = PBXGroup;
			children = (
				646C62912C45567A009A0D3B /* ios_weatherUITests.swift */,
				646C62932C45567A009A0D3B /* ios_weatherUITestsLaunchTests.swift */,
			);
			path = "ios-weatherUITests";
			sourceTree = "<group>";
		};
/* End PBXGroup section */

/* Begin PBXNativeTarget section */
		646C62712C455679009A0D3B /* ios-weather */ = {
			isa = PBXNativeTarget;
			buildConfigurationList = 646C62972C45567A009A0D3B /* Build configuration list for PBXNativeTarget "ios-weather" */;
			buildPhases = (
				646C626E2C455679009A0D3B /* Sources */,
				646C626F2C455679009A0D3B /* Frameworks */,
				646C62702C455679009A0D3B /* Resources */,
			);
			buildRules = (
			);
			dependencies = (
			);
			name = "ios-weather";
			productName = "ios-weather";
			productReference = 646C62722C455679009A0D3B /* ios-weather.app */;
			productType = "com.apple.product-type.application";
		};
		646C62822C45567A009A0D3B /* ios-weatherTests */ = {
			isa = PBXNativeTarget;
			buildConfigurationList = 646C629A2C45567A009A0D3B /* Build configuration list for PBXNativeTarget "ios-weatherTests" */;
			buildPhases = (
				646C627F2C45567A009A0D3B /* Sources */,
				646C62802C45567A009A0D3B /* Frameworks */,
				646C62812C45567A009A0D3B /* Resources */,
			);
			buildRules = (
			);
			dependencies = (
				646C62852C45567A009A0D3B /* PBXTargetDependency */,
			);
			name = "ios-weatherTests";
			productName = "ios-weatherTests";
			productReference = 646C62832C45567A009A0D3B /* ios-weatherTests.xctest */;
			productType = "com.apple.product-type.bundle.unit-test";
		};
		646C628C2C45567A009A0D3B /* ios-weatherUITests */ = {
			isa = PBXNativeTarget;
			buildConfigurationList = 646C629D2C45567A009A0D3B /* Build configuration list for PBXNativeTarget "ios-weatherUITests" */;
			buildPhases = (
				646C62892C45567A009A0D3B /* Sources */,
				646C628A2C45567A009A0D3B /* Frameworks */,
				646C628B2C45567A009A0D3B /* Resources */,
			);
			buildRules = (
			);
			dependencies = (
				646C628F2C45567A009A0D3B /* PBXTargetDependency */,
			);
			name = "ios-weatherUITests";
			productName = "ios-weatherUITests";
			productReference = 646C628D2C45567A009A0D3B /* ios-weatherUITests.xctest */;
			productType = "com.apple.product-type.bundle.ui-testing";
		};
/* End PBXNativeTarget section */

/* Begin PBXProject section */
		646C626A2C455679009A0D3B /* Project object */ = {
			isa = PBXProject;
			attributes = {
				BuildIndependentTargetsInParallel = 1;
				LastSwiftUpdateCheck = 1520;
				LastUpgradeCheck = 1520;
				TargetAttributes = {
					646C62712C455679009A0D3B = {
						CreatedOnToolsVersion = 15.2;
					};
					646C62822C45567A009A0D3B = {
						CreatedOnToolsVersion = 15.2;
						TestTargetID = 646C62712C455679009A0D3B;
					};
					646C628C2C45567A009A0D3B = {
						CreatedOnToolsVersion = 15.2;
						TestTargetID = 646C62712C455679009A0D3B;
					};
				};
			};
			buildConfigurationList = 646C626D2C455679009A0D3B /* Build configuration list for PBXProject "ios-weather" */;
			compatibilityVersion = "Xcode 14.0";
			developmentRegion = en;
			hasScannedForEncodings = 0;
			knownRegions = (
				en,
				Base,
			);
			mainGroup = 646C62692C455679009A0D3B;
			productRefGroup = 646C62732C455679009A0D3B /* Products */;
			projectDirPath = "";
			projectRoot = "";
			targets = (
				646C62712C455679009A0D3B /* ios-weather */,
				646C62822C45567A009A0D3B /* ios-weatherTests */,
				646C628C2C45567A009A0D3B /* ios-weatherUITests */,
			);
		};
/* End PBXProject section */

/* Begin PBXResourcesBuildPhase section */
		646C62702C455679009A0D3B /* Resources */ = {
			isa = PBXResourcesBuildPhase;
			buildActionMask = 2147483647;
			files = (
				646C627E2C45567A009A0D3B /* Preview Assets.xcassets in Resources */,
				646C627A2C45567A009A0D3B /* Assets.xcassets in Resources */,
			);
			runOnlyForDeploymentPostprocessing = 0;
		};
		646C62812C45567A009A0D3B /* Resources */ = {
			isa = PBXResourcesBuildPhase;
			buildActionMask = 2147483647;
			files = (
			);
			runOnlyForDeploymentPostprocessing = 0;
		};
		646C628B2C45567A009A0D3B /* Resources */ = {
			isa = PBXResourcesBuildPhase;
			buildActionMask = 2147483647;
			files = (
			);
			runOnlyForDeploymentPostprocessing = 0;
		};
/* End PBXResourcesBuildPhase section */

/* Begin PBXSourcesBuildPhase section */
		646C626E2C455679009A0D3B /* Sources */ = {
			isa = PBXSourcesBuildPhase;
			buildActionMask = 2147483647;
			files = (
				64861EA82C47ED8500774E57 /* WeatherView.swift in Sources */,
				645680102C47FEC1001E74B2 /* FrameworkDetailView.swift in Sources */,
				646C62782C455679009A0D3B /* FrameworkGridView.swift in Sources */,
				64861EAA2C47EF5000774E57 /* Framework.swift in Sources */,
				645680122C48010F001E74B2 /* AFButton.swift in Sources */,
				646C62762C455679009A0D3B /* ios_weatherApp.swift in Sources */,
			);
			runOnlyForDeploymentPostprocessing = 0;
		};
		646C627F2C45567A009A0D3B /* Sources */ = {
			isa = PBXSourcesBuildPhase;
			buildActionMask = 2147483647;
			files = (
				646C62882C45567A009A0D3B /* ios_weatherTests.swift in Sources */,
			);
			runOnlyForDeploymentPostprocessing = 0;
		};
		646C62892C45567A009A0D3B /* Sources */ = {
			isa = PBXSourcesBuildPhase;
			buildActionMask = 2147483647;
			files = (
				646C62922C45567A009A0D3B /* ios_weatherUITests.swift in Sources */,
				646C62942C45567A009A0D3B /* ios_weatherUITestsLaunchTests.swift in Sources */,
			);
			runOnlyForDeploymentPostprocessing = 0;
		};
/* End PBXSourcesBuildPhase section */

/* Begin PBXTargetDependency section */
		646C62852C45567A009A0D3B /* PBXTargetDependency */ = {
			isa = PBXTargetDependency;
			target = 646C62712C455679009A0D3B /* ios-weather */;
			targetProxy = 646C62842C45567A009A0D3B /* PBXContainerItemProxy */;
		};
		646C628F2C45567A009A0D3B /* PBXTargetDependency */ = {
			isa = PBXTargetDependency;
			target = 646C62712C455679009A0D3B /* ios-weather */;
			targetProxy = 646C628E2C45567A009A0D3B /* PBXContainerItemProxy */;
		};
/* End PBXTargetDependency section */

/* Begin XCBuildConfiguration section */
		646C62952C45567A009A0D3B /* Debug */ = {
			isa = XCBuildConfiguration;
			buildSettings = {
				ALWAYS_SEARCH_USER_PATHS = NO;
				ASSETCATALOG_COMPILER_GENERATE_SWIFT_ASSET_SYMBOL_EXTENSIONS = YES;
				CLANG_ANALYZER_NONNULL = YES;
				CLANG_ANALYZER_NUMBER_OBJECT_CONVERSION = YES_AGGRESSIVE;
				CLANG_CXX_LANGUAGE_STANDARD = "gnu++20";
				CLANG_ENABLE_MODULES = YES;
				CLANG_ENABLE_OBJC_ARC = YES;
				CLANG_ENABLE_OBJC_WEAK = YES;
				CLANG_WARN_BLOCK_CAPTURE_AUTORELEASING = YES;
				CLANG_WARN_BOOL_CONVERSION = YES;
				CLANG_WARN_COMMA = YES;
				CLANG_WARN_CONSTANT_CONVERSION = YES;
				CLANG_WARN_DEPRECATED_OBJC_IMPLEMENTATIONS = YES;
				CLANG_WARN_DIRECT_OBJC_ISA_USAGE = YES_ERROR;
				CLANG_WARN_DOCUMENTATION_COMMENTS = YES;
				CLANG_WARN_EMPTY_BODY = YES;
				CLANG_WARN_ENUM_CONVERSION = YES;
				CLANG_WARN_INFINITE_RECURSION = YES;
				CLANG_WARN_INT_CONVERSION = YES;
				CLANG_WARN_NON_LITERAL_NULL_CONVERSION = YES;
				CLANG_WARN_OBJC_IMPLICIT_RETAIN_SELF = YES;
				CLANG_WARN_OBJC_LITERAL_CONVERSION = YES;
				CLANG_WARN_OBJC_ROOT_CLASS = YES_ERROR;
				CLANG_WARN_QUOTED_INCLUDE_IN_FRAMEWORK_HEADER = YES;
				CLANG_WARN_RANGE_LOOP_ANALYSIS = YES;
				CLANG_WARN_STRICT_PROTOTYPES = YES;
				CLANG_WARN_SUSPICIOUS_MOVE = YES;
				CLANG_WARN_UNGUARDED_AVAILABILITY = YES_AGGRESSIVE;
				CLANG_WARN_UNREACHABLE_CODE = YES;
				CLANG_WARN__DUPLICATE_METHOD_MATCH = YES;
				COPY_PHASE_STRIP = NO;
				DEBUG_INFORMATION_FORMAT = dwarf;
				ENABLE_STRICT_OBJC_MSGSEND = YES;
				ENABLE_TESTABILITY = YES;
				ENABLE_USER_SCRIPT_SANDBOXING = YES;
				GCC_C_LANGUAGE_STANDARD = gnu17;
				GCC_DYNAMIC_NO_PIC = NO;
				GCC_NO_COMMON_BLOCKS = YES;
				GCC_OPTIMIZATION_LEVEL = 0;
				GCC_PREPROCESSOR_DEFINITIONS = (
					"DEBUG=1",
					"$(inherited)",
				);
				GCC_WARN_64_TO_32_BIT_CONVERSION = YES;
				GCC_WARN_ABOUT_RETURN_TYPE = YES_ERROR;
				GCC_WARN_UNDECLARED_SELECTOR = YES;
				GCC_WARN_UNINITIALIZED_AUTOS = YES_AGGRESSIVE;
				GCC_WARN_UNUSED_FUNCTION = YES;
				GCC_WARN_UNUSED_VARIABLE = YES;
				LOCALIZATION_PREFERS_STRING_CATALOGS = YES;
				MTL_ENABLE_DEBUG_INFO = INCLUDE_SOURCE;
				MTL_FAST_MATH = YES;
				ONLY_ACTIVE_ARCH = YES;
				SWIFT_ACTIVE_COMPILATION_CONDITIONS = "DEBUG $(inherited)";
				SWIFT_OPTIMIZATION_LEVEL = "-Onone";
			};
			name = Debug;
		};
		646C62962C45567A009A0D3B /* Release */ = {
			isa = XCBuildConfiguration;
			buildSettings = {
				ALWAYS_SEARCH_USER_PATHS = NO;
				ASSETCATALOG_COMPILER_GENERATE_SWIFT_ASSET_SYMBOL_EXTENSIONS = YES;
				CLANG_ANALYZER_NONNULL = YES;
				CLANG_ANALYZER_NUMBER_OBJECT_CONVERSION = YES_AGGRESSIVE;
				CLANG_CXX_LANGUAGE_STANDARD = "gnu++20";
				CLANG_ENABLE_MODULES = YES;
				CLANG_ENABLE_OBJC_ARC = YES;
				CLANG_ENABLE_OBJC_WEAK = YES;
				CLANG_WARN_BLOCK_CAPTURE_AUTORELEASING = YES;
				CLANG_WARN_BOOL_CONVERSION = YES;
				CLANG_WARN_COMMA = YES;
				CLANG_WARN_CONSTANT_CONVERSION = YES;
				CLANG_WARN_DEPRECATED_OBJC_IMPLEMENTATIONS = YES;
				CLANG_WARN_DIRECT_OBJC_ISA_USAGE = YES_ERROR;
				CLANG_WARN_DOCUMENTATION_COMMENTS = YES;
				CLANG_WARN_EMPTY_BODY = YES;
				CLANG_WARN_ENUM_CONVERSION = YES;
				CLANG_WARN_INFINITE_RECURSION = YES;
				CLANG_WARN_INT_CONVERSION = YES;
				CLANG_WARN_NON_LITERAL_NULL_CONVERSION = YES;
				CLANG_WARN_OBJC_IMPLICIT_RETAIN_SELF = YES;
				CLANG_WARN_OBJC_LITERAL_CONVERSION = YES;
				CLANG_WARN_OBJC_ROOT_CLASS = YES_ERROR;
				CLANG_WARN_QUOTED_INCLUDE_IN_FRAMEWORK_HEADER = YES;
				CLANG_WARN_RANGE_LOOP_ANALYSIS = YES;
				CLANG_WARN_STRICT_PROTOTYPES = YES;
				CLANG_WARN_SUSPICIOUS_MOVE = YES;
				CLANG_WARN_UNGUARDED_AVAILABILITY = YES_AGGRESSIVE;
				CLANG_WARN_UNREACHABLE_CODE = YES;
				CLANG_WARN__DUPLICATE_METHOD_MATCH = YES;
				COPY_PHASE_STRIP = NO;
				DEBUG_INFORMATION_FORMAT = "dwarf-with-dsym";
				ENABLE_NS_ASSERTIONS = NO;
				ENABLE_STRICT_OBJC_MSGSEND = YES;
				ENABLE_USER_SCRIPT_SANDBOXING = YES;
				GCC_C_LANGUAGE_STANDARD = gnu17;
				GCC_NO_COMMON_BLOCKS = YES;
				GCC_WARN_64_TO_32_BIT_CONVERSION = YES;
				GCC_WARN_ABOUT_RETURN_TYPE = YES_ERROR;
				GCC_WARN_UNDECLARED_SELECTOR = YES;
				GCC_WARN_UNINITIALIZED_AUTOS = YES_AGGRESSIVE;
				GCC_WARN_UNUSED_FUNCTION = YES;
				GCC_WARN_UNUSED_VARIABLE = YES;
				LOCALIZATION_PREFERS_STRING_CATALOGS = YES;
				MTL_ENABLE_DEBUG_INFO = NO;
				MTL_FAST_MATH = YES;
				SWIFT_COMPILATION_MODE = wholemodule;
			};
			name = Release;
		};
		646C62982C45567A009A0D3B /* Debug */ = {
			isa = XCBuildConfiguration;
			buildSettings = {
				ASSETCATALOG_COMPILER_APPICON_NAME = AppIcon;
				ASSETCATALOG_COMPILER_GLOBAL_ACCENT_COLOR_NAME = AccentColor;
				CODE_SIGN_ENTITLEMENTS = "ios-weather/ios_weather.entitlements";
				CODE_SIGN_STYLE = Automatic;
				CURRENT_PROJECT_VERSION = 1;
				DEVELOPMENT_ASSET_PATHS = "\"ios-weather/Preview Content\"";
				ENABLE_PREVIEWS = YES;
				GENERATE_INFOPLIST_FILE = YES;
				"INFOPLIST_KEY_UIApplicationSceneManifest_Generation[sdk=iphoneos*]" = YES;
				"INFOPLIST_KEY_UIApplicationSceneManifest_Generation[sdk=iphonesimulator*]" = YES;
				"INFOPLIST_KEY_UIApplicationSupportsIndirectInputEvents[sdk=iphoneos*]" = YES;
				"INFOPLIST_KEY_UIApplicationSupportsIndirectInputEvents[sdk=iphonesimulator*]" = YES;
				"INFOPLIST_KEY_UILaunchScreen_Generation[sdk=iphoneos*]" = YES;
				"INFOPLIST_KEY_UILaunchScreen_Generation[sdk=iphonesimulator*]" = YES;
				"INFOPLIST_KEY_UIStatusBarStyle[sdk=iphoneos*]" = UIStatusBarStyleDefault;
				"INFOPLIST_KEY_UIStatusBarStyle[sdk=iphonesimulator*]" = UIStatusBarStyleDefault;
				INFOPLIST_KEY_UISupportedInterfaceOrientations_iPad = "UIInterfaceOrientationPortrait UIInterfaceOrientationPortraitUpsideDown UIInterfaceOrientationLandscapeLeft UIInterfaceOrientationLandscapeRight";
				INFOPLIST_KEY_UISupportedInterfaceOrientations_iPhone = "UIInterfaceOrientationPortrait UIInterfaceOrientationLandscapeLeft UIInterfaceOrientationLandscapeRight";
				IPHONEOS_DEPLOYMENT_TARGET = 17.2;
				LD_RUNPATH_SEARCH_PATHS = "@executable_path/Frameworks";
				"LD_RUNPATH_SEARCH_PATHS[sdk=macosx*]" = "@executable_path/../Frameworks";
				MACOSX_DEPLOYMENT_TARGET = 14.2;
				MARKETING_VERSION = 1.0;
				PRODUCT_BUNDLE_IDENTIFIER = "snowra.ios-weather";
				PRODUCT_NAME = "$(TARGET_NAME)";
				SDKROOT = auto;
				SUPPORTED_PLATFORMS = "iphoneos iphonesimulator macosx";
				SWIFT_EMIT_LOC_STRINGS = YES;
				SWIFT_VERSION = 5.0;
				TARGETED_DEVICE_FAMILY = "1,2";
			};
			name = Debug;
		};
		646C62992C45567A009A0D3B /* Release */ = {
			isa = XCBuildConfiguration;
			buildSettings = {
				ASSETCATALOG_COMPILER_APPICON_NAME = AppIcon;
				ASSETCATALOG_COMPILER_GLOBAL_ACCENT_COLOR_NAME = AccentColor;
				CODE_SIGN_ENTITLEMENTS = "ios-weather/ios_weather.entitlements";
				CODE_SIGN_STYLE = Automatic;
				CURRENT_PROJECT_VERSION = 1;
				DEVELOPMENT_ASSET_PATHS = "\"ios-weather/Preview Content\"";
				ENABLE_PREVIEWS = YES;
				GENERATE_INFOPLIST_FILE = YES;
				"INFOPLIST_KEY_UIApplicationSceneManifest_Generation[sdk=iphoneos*]" = YES;
				"INFOPLIST_KEY_UIApplicationSceneManifest_Generation[sdk=iphonesimulator*]" = YES;
				"INFOPLIST_KEY_UIApplicationSupportsIndirectInputEvents[sdk=iphoneos*]" = YES;
				"INFOPLIST_KEY_UIApplicationSupportsIndirectInputEvents[sdk=iphonesimulator*]" = YES;
				"INFOPLIST_KEY_UILaunchScreen_Generation[sdk=iphoneos*]" = YES;
				"INFOPLIST_KEY_UILaunchScreen_Generation[sdk=iphonesimulator*]" = YES;
				"INFOPLIST_KEY_UIStatusBarStyle[sdk=iphoneos*]" = UIStatusBarStyleDefault;
				"INFOPLIST_KEY_UIStatusBarStyle[sdk=iphonesimulator*]" = UIStatusBarStyleDefault;
				INFOPLIST_KEY_UISupportedInterfaceOrientations_iPad = "UIInterfaceOrientationPortrait UIInterfaceOrientationPortraitUpsideDown UIInterfaceOrientationLandscapeLeft UIInterfaceOrientationLandscapeRight";
				INFOPLIST_KEY_UISupportedInterfaceOrientations_iPhone = "UIInterfaceOrientationPortrait UIInterfaceOrientationLandscapeLeft UIInterfaceOrientationLandscapeRight";
				IPHONEOS_DEPLOYMENT_TARGET = 17.2;
				LD_RUNPATH_SEARCH_PATHS = "@executable_path/Frameworks";
				"LD_RUNPATH_SEARCH_PATHS[sdk=macosx*]" = "@executable_path/../Frameworks";
				MACOSX_DEPLOYMENT_TARGET = 14.2;
				MARKETING_VERSION = 1.0;
				PRODUCT_BUNDLE_IDENTIFIER = "snowra.ios-weather";
				PRODUCT_NAME = "$(TARGET_NAME)";
				SDKROOT = auto;
				SUPPORTED_PLATFORMS = "iphoneos iphonesimulator macosx";
				SWIFT_EMIT_LOC_STRINGS = YES;
				SWIFT_VERSION = 5.0;
				TARGETED_DEVICE_FAMILY = "1,2";
			};
			name = Release;
		};
		646C629B2C45567A009A0D3B /* Debug */ = {
			isa = XCBuildConfiguration;
			buildSettings = {
				ALWAYS_EMBED_SWIFT_STANDARD_LIBRARIES = YES;
				BUNDLE_LOADER = "$(TEST_HOST)";
				CODE_SIGN_STYLE = Automatic;
				CURRENT_PROJECT_VERSION = 1;
				GENERATE_INFOPLIST_FILE = YES;
				IPHONEOS_DEPLOYMENT_TARGET = 17.2;
				MACOSX_DEPLOYMENT_TARGET = 14.2;
				MARKETING_VERSION = 1.0;
				PRODUCT_BUNDLE_IDENTIFIER = "snowra.ios-weatherTests";
				PRODUCT_NAME = "$(TARGET_NAME)";
				SDKROOT = auto;
				SUPPORTED_PLATFORMS = "iphoneos iphonesimulator macosx";
				SWIFT_EMIT_LOC_STRINGS = NO;
				SWIFT_VERSION = 5.0;
				TARGETED_DEVICE_FAMILY = "1,2";
				TEST_HOST = "$(BUILT_PRODUCTS_DIR)/ios-weather.app/$(BUNDLE_EXECUTABLE_FOLDER_PATH)/ios-weather";
			};
			name = Debug;
		};
		646C629C2C45567A009A0D3B /* Release */ = {
			isa = XCBuildConfiguration;
			buildSettings = {
				ALWAYS_EMBED_SWIFT_STANDARD_LIBRARIES = YES;
				BUNDLE_LOADER = "$(TEST_HOST)";
				CODE_SIGN_STYLE = Automatic;
				CURRENT_PROJECT_VERSION = 1;
				GENERATE_INFOPLIST_FILE = YES;
				IPHONEOS_DEPLOYMENT_TARGET = 17.2;
				MACOSX_DEPLOYMENT_TARGET = 14.2;
				MARKETING_VERSION = 1.0;
				PRODUCT_BUNDLE_IDENTIFIER = "snowra.ios-weatherTests";
				PRODUCT_NAME = "$(TARGET_NAME)";
				SDKROOT = auto;
				SUPPORTED_PLATFORMS = "iphoneos iphonesimulator macosx";
				SWIFT_EMIT_LOC_STRINGS = NO;
				SWIFT_VERSION = 5.0;
				TARGETED_DEVICE_FAMILY = "1,2";
				TEST_HOST = "$(BUILT_PRODUCTS_DIR)/ios-weather.app/$(BUNDLE_EXECUTABLE_FOLDER_PATH)/ios-weather";
			};
			name = Release;
		};
		646C629E2C45567A009A0D3B /* Debug */ = {
			isa = XCBuildConfiguration;
			buildSettings = {
				ALWAYS_EMBED_SWIFT_STANDARD_LIBRARIES = YES;
				CODE_SIGN_STYLE = Automatic;
				CURRENT_PROJECT_VERSION = 1;
				GENERATE_INFOPLIST_FILE = YES;
				IPHONEOS_DEPLOYMENT_TARGET = 17.2;
				MACOSX_DEPLOYMENT_TARGET = 14.2;
				MARKETING_VERSION = 1.0;
				PRODUCT_BUNDLE_IDENTIFIER = "snowra.ios-weatherUITests";
				PRODUCT_NAME = "$(TARGET_NAME)";
				SDKROOT = auto;
				SUPPORTED_PLATFORMS = "iphoneos iphonesimulator macosx";
				SWIFT_EMIT_LOC_STRINGS = NO;
				SWIFT_VERSION = 5.0;
				TARGETED_DEVICE_FAMILY = "1,2";
				TEST_TARGET_NAME = "ios-weather";
			};
			name = Debug;
		};
		646C629F2C45567A009A0D3B /* Release */ = {
			isa = XCBuildConfiguration;
			buildSettings = {
				ALWAYS_EMBED_SWIFT_STANDARD_LIBRARIES = YES;
				CODE_SIGN_STYLE = Automatic;
				CURRENT_PROJECT_VERSION = 1;
				GENERATE_INFOPLIST_FILE = YES;
				IPHONEOS_DEPLOYMENT_TARGET = 17.2;
				MACOSX_DEPLOYMENT_TARGET = 14.2;
				MARKETING_VERSION = 1.0;
				PRODUCT_BUNDLE_IDENTIFIER = "snowra.ios-weatherUITests";
				PRODUCT_NAME = "$(TARGET_NAME)";
				SDKROOT = auto;
				SUPPORTED_PLATFORMS = "iphoneos iphonesimulator macosx";
				SWIFT_EMIT_LOC_STRINGS = NO;
				SWIFT_VERSION = 5.0;
				TARGETED_DEVICE_FAMILY = "1,2";
				TEST_TARGET_NAME = "ios-weather";
			};
			name = Release;
		};
/* End XCBuildConfiguration section */

/* Begin XCConfigurationList section */
		646C626D2C455679009A0D3B /* Build configuration list for PBXProject "ios-weather" */ = {
			isa = XCConfigurationList;
			buildConfigurations = (
				646C62952C45567A009A0D3B /* Debug */,
				646C62962C45567A009A0D3B /* Release */,
			);
			defaultConfigurationIsVisible = 0;
			defaultConfigurationName = Release;
		};
		646C62972C45567A009A0D3B /* Build configuration list for PBXNativeTarget "ios-weather" */ = {
			isa = XCConfigurationList;
			buildConfigurations = (
				646C62982C45567A009A0D3B /* Debug */,
				646C62992C45567A009A0D3B /* Release */,
			);
			defaultConfigurationIsVisible = 0;
			defaultConfigurationName = Release;
		};
		646C629A2C45567A009A0D3B /* Build configuration list for PBXNativeTarget "ios-weatherTests" */ = {
			isa = XCConfigurationList;
			buildConfigurations = (
				646C629B2C45567A009A0D3B /* Debug */,
				646C629C2C45567A009A0D3B /* Release */,
			);
			defaultConfigurationIsVisible = 0;
			defaultConfigurationName = Release;
		};
		646C629D2C45567A009A0D3B /* Build configuration list for PBXNativeTarget "ios-weatherUITests" */ = {
			isa = XCConfigurationList;
			buildConfigurations = (
				646C629E2C45567A009A0D3B /* Debug */,
				646C629F2C45567A009A0D3B /* Release */,
			);
			defaultConfigurationIsVisible = 0;
			defaultConfigurationName = Release;
		};
/* End XCConfigurationList section */
	};
	rootObject = 646C626A2C455679009A0D3B /* Project object */;
}
